{
	"name": "@remail/components",
	"version": "0.1.0",
	"lockfileVersion": 1,
	"requires": true,
	"dependencies": {
		"@types/prop-types": {
			"version": "15.7.3",
			"resolved": "http://bnpm.byted.org/@types/prop-types/download/@types/prop-types-15.7.3.tgz",
			"integrity": "sha1-KrDV2i5YFflLC51LldHl8kOrLKc=",
			"dev": true
		},
		"@types/react": {
			"version": "16.9.13",
			"resolved": "http://bnpm.byted.org/@types/react/download/@types/react-16.9.13.tgz",
			"integrity": "sha1-s+pd1EP0poBZniq7qMxm9eHOAFk=",
			"dev": true,
			"requires": {
				"@types/prop-types": "*",
				"csstype": "^2.2.0"
			}
		},
		"@types/react-dom": {
			"version": "16.9.4",
			"resolved": "http://bnpm.byted.org/@types/react-dom/download/@types/react-dom-16.9.4.tgz",
			"integrity": "sha1-C1jfCaYJYdy3f2LU8YMkJ1E0IN8=",
			"dev": true,
			"requires": {
				"@types/react": "*"
			}
		},
		"csstype": {
			"version": "2.6.7",
			"resolved": "http://bnpm.byted.org/csstype/download/csstype-2.6.7.tgz",
			"integrity": "sha1-ILACTCC2cY9O2jhTofWhzOf15KU=",
			"dev": true
		},
		"js-tokens": {
			"version": "4.0.0",
			"resolved": "http://bnpm.byted.org/js-tokens/download/js-tokens-4.0.0.tgz",
			"integrity": "sha1-GSA/tZmR35jjoocFDUZHzerzJJk=",
			"dev": true
		},
		"loose-envify": {
			"version": "1.4.0",
			"resolved": "http://bnpm.byted.org/loose-envify/download/loose-envify-1.4.0.tgz",
			"integrity": "sha1-ce5R+nvkyuwaY4OffmgtgTLTDK8=",
			"dev": true,
			"requires": {
				"js-tokens": "^3.0.0 || ^4.0.0"
			}
		},
		"object-assign": {
			"version": "4.1.1",
			"resolved": "http://bnpm.byted.org/object-assign/download/object-assign-4.1.1.tgz",
			"integrity": "sha1-IQmtx5ZYh8/AXLvUQsrIv7s2CGM=",
			"dev": true
		},
		"prop-types": {
			"version": "15.7.2",
			"resolved": "http://bnpm.byted.org/prop-types/download/prop-types-15.7.2.tgz",
			"integrity": "sha1-UsQedbjIfnK52TYOAga5ncv/psU=",
			"dev": true,
			"requires": {
				"loose-envify": "^1.4.0",
				"object-assign": "^4.1.1",
				"react-is": "^16.8.1"
			}
		},
		"react-dom": {
			"version": "16.12.0",
			"resolved": "http://bnpm.byted.org/react-dom/download/react-dom-16.12.0.tgz",
			"integrity": "sha1-DaS3FLjRPCA4yTlrVKkrrqYz/hE=",
			"dev": true,
			"requires": {
				"loose-envify": "^1.1.0",
				"object-assign": "^4.1.1",
				"prop-types": "^15.6.2",
				"scheduler": "^0.18.0"
			}
		},
		"react-is": {
			"version": "16.12.0",
			"resolved": "http://bnpm.byted.org/react-is/download/react-is-16.12.0.tgz",
			"integrity": "sha1-LMD+D7p0LZf9UnxCoTvsTusGJBw=",
			"dev": true
		},
		"scheduler": {
			"version": "0.18.0",
			"resolved": "http://bnpm.byted.org/scheduler/download/scheduler-0.18.0.tgz",
			"integrity": "sha1-WQGtZlm8HY8/2vNut6Z7DWdGscQ=",
			"dev": true,
			"requires": {
				"loose-envify": "^1.1.0",
				"object-assign": "^4.1.1"
			}
		}
	}
}
